
Microsoft Visual Studio Solution File, Format Version 12.00
# Visual Studio Version 16
VisualStudioVersion = 16.0.29613.14
MinimumVisualStudioVersion = 10.0.40219.1
Project("{9A19103F-16F7-4668-BE54-9A1E7A4F7556}") = "ContosoUniversity", "ContosoUniversity\ContosoUniversity.csproj", "{E9FB8ECD-A482-460C-AF80-1D11DA9F2891}"
EndProject
Project("{FAE04EC0-301F-11D3-BF4B-00C04F79EFBC}") = "ContosoUniversity.Data", "ContosoUniversity.Data\ContosoUniversity.Data.csproj", "{8FCB6B64-C1D1-4531-AAFB-7C77DEC0E5F8}"
EndProject
Global
	GlobalSection(SolutionConfigurationPlatforms) = preSolution
		Debug|Any CPU = Debug|Any CPU
		Release|Any CPU = Release|Any CPU
	EndGlobalSection
	GlobalSection(ProjectConfigurationPlatforms) = postSolution
		{E9FB8ECD-A482-460C-AF80-1D11DA9F2891}.Debug|Any CPU.ActiveCfg = Debug|Any CPU
		{E9FB8ECD-A482-460C-AF80-1D11DA9F2891}.Debug|Any CPU.Build.0 = Debug|Any CPU
		{E9FB8ECD-A482-460C-AF80-1D11DA9F2891}.Release|Any CPU.ActiveCfg = Release|Any CPU
		{E9FB8ECD-A482-460C-AF80-1D11DA9F2891}.Release|Any CPU.Build.0 = Release|Any CPU
		{8FCB6B64-C1D1-4531-AAFB-7C77DEC0E5F8}.Debug|Any CPU.ActiveCfg = Debug|Any CPU
		{8FCB6B64-C1D1-4531-AAFB-7C77DEC0E5F8}.Debug|Any CPU.Build.0 = Debug|Any CPU
		{8FCB6B64-C1D1-4531-AAFB-7C77DEC0E5F8}.Release|Any CPU.ActiveCfg = Release|Any CPU
		{8FCB6B64-C1D1-4531-AAFB-7C77DEC0E5F8}.Release|Any CPU.Build.0 = Release|Any CPU
	EndGlobalSection
	GlobalSection(SolutionProperties) = preSolution
		HideSolutionNode = FALSE
	EndGlobalSection
	GlobalSection(ExtensibilityGlobals) = postSolution
		SolutionGuid = {25EE7684-1816-4E36-8E1A-77AD612F86F8}
	EndGlobalSection
EndGlobal
