
Microsoft Visual Studio Solution File, Format Version 12.00
# Visual Studio Version 16
VisualStudioVersion = 16.0.29613.14
MinimumVisualStudioVersion = 10.0.40219.1
Project("{FAE04EC0-301F-11D3-BF4B-00C04F79EFBC}") = "ContosoUniversity.Data", "src\ContosoUniversity.Data\ContosoUniversity.Data.csproj", "{13CC66B8-A2C5-4017-99BA-B0348552ED70}"
EndProject
Project("{FAE04EC0-301F-11D3-BF4B-00C04F79EFBC}") = "ContosoUniversity.SharedKernel", "src\ContosoUniversity.SharedKernel\ContosoUniversity.SharedKernel.csproj", "{D20B0BA9-54BB-4E3D-A580-447AF01BD1A2}"
EndProject
Project("{2150E333-8FDC-42A3-9474-1A3956D46DE8}") = "src", "src", "{E4EA226A-2BCD-4BEE-844C-0429AC749000}"
EndProject
Project("{2150E333-8FDC-42A3-9474-1A3956D46DE8}") = "test", "test", "{EC6B66B1-FF12-4934-992F-7E578831904D}"
EndProject
Project("{FAE04EC0-301F-11D3-BF4B-00C04F79EFBC}") = "Courses.Data.Reads", "src\Courses.Data.Reads\Courses.Data.Reads.csproj", "{155D0847-6358-456F-8D04-A957FEB23097}"
EndProject
Project("{FAE04EC0-301F-11D3-BF4B-00C04F79EFBC}") = "Courses.Data.Writes", "src\Courses.Data.Writes\Courses.Data.Writes.csproj", "{693DFDA4-810C-4B6F-8387-A6B90C9F0917}"
EndProject
Project("{FAE04EC0-301F-11D3-BF4B-00C04F79EFBC}") = "Departments.Data.Reads", "src\Departments.Data.Reads\Departments.Data.Reads.csproj", "{21A5E4E2-AB88-425B-9D3A-55492176CA5B}"
EndProject
Project("{FAE04EC0-301F-11D3-BF4B-00C04F79EFBC}") = "Departments.Data.Writes", "src\Departments.Data.Writes\Departments.Data.Writes.csproj", "{076DC719-6775-4EB4-AF16-237B6969AB89}"
EndProject
Project("{FAE04EC0-301F-11D3-BF4B-00C04F79EFBC}") = "Students.Data.Reads", "src\Students.Data.Reads\Students.Data.Reads.csproj", "{9B39B759-6CBF-4E43-981E-AB20447355A3}"
EndProject
Project("{FAE04EC0-301F-11D3-BF4B-00C04F79EFBC}") = "Students.Data.Writes", "src\Students.Data.Writes\Students.Data.Writes.csproj", "{DA9CEE9A-1102-4005-BF7D-D13C57530386}"
EndProject
Project("{FAE04EC0-301F-11D3-BF4B-00C04F79EFBC}") = "ContosoUniversity.Application", "src\ContosoUniversity.Application\ContosoUniversity.Application.csproj", "{CE31CFE3-08AE-4E3B-8CCC-291D4CD4B620}"
EndProject
Project("{FAE04EC0-301F-11D3-BF4B-00C04F79EFBC}") = "ContosoUniversity.Mvc", "src\ContosoUniversity.Mvc\ContosoUniversity.Mvc.csproj", "{5A765486-59ED-4F5B-9D18-9DB8C6B862EF}"
EndProject
Project("{2150E333-8FDC-42A3-9474-1A3956D46DE8}") = "integration", "integration", "{42293EC1-EA5A-4BDF-A35F-3F74D78940A5}"
EndProject
Project("{2150E333-8FDC-42A3-9474-1A3956D46DE8}") = "unit", "unit", "{4CF332CE-8472-45C6-8D43-76A6ABDB8485}"
EndProject
Project("{FAE04EC0-301F-11D3-BF4B-00C04F79EFBC}") = "ContosoUniversity.Mvc.IntegrationTests", "test\integration\ContosoUniversity.Mvc.IntegrationTests\ContosoUniversity.Mvc.IntegrationTests.csproj", "{0CEA6DD9-9CAA-41DB-B8C8-2E1123773CA9}"
EndProject
Project("{FAE04EC0-301F-11D3-BF4B-00C04F79EFBC}") = "Departments.Core.Tests", "test\unit\Departments.Core.Tests\Departments.Core.Tests.csproj", "{528A7D8C-9F2B-454A-8E24-F40AA8D82F17}"
EndProject
Project("{2150E333-8FDC-42A3-9474-1A3956D46DE8}") = "e2e", "e2e", "{9A8A315F-D321-4729-B8E9-08283046CF98}"
EndProject
Project("{FAE04EC0-301F-11D3-BF4B-00C04F79EFBC}") = "ContosoUniversity.AcceptanceTests", "test\e2e\ContosoUniversity.AcceptanceTests\ContosoUniversity.AcceptanceTests.csproj", "{AD8D36CB-F094-42C2-BC54-2E4636D277FD}"
EndProject
Project("{2150E333-8FDC-42A3-9474-1A3956D46DE8}") = "system", "system", "{183841BB-8179-48AA-B3C1-F362C883FA36}"
EndProject
Project("{FAE04EC0-301F-11D3-BF4B-00C04F79EFBC}") = "ContosoUniversity.SystemTests", "test\system\ContosoUniversity.SystemTests\ContosoUniversity.SystemTests.csproj", "{59FB3EA5-AC41-401A-8E08-0529D36AC45C}"
EndProject
Project("{2150E333-8FDC-42A3-9474-1A3956D46DE8}") = "courses", "courses", "{52E76B79-FD2B-4DED-9F3D-3E2410AB4163}"
EndProject
Project("{2150E333-8FDC-42A3-9474-1A3956D46DE8}") = "departments", "departments", "{1C3E4CC6-23F1-4652-BF0C-14A4D84D6F22}"
EndProject
Project("{2150E333-8FDC-42A3-9474-1A3956D46DE8}") = "students", "students", "{6B89851E-4652-42E9-8B59-D6FA3583F6DF}"
EndProject
Project("{FAE04EC0-301F-11D3-BF4B-00C04F79EFBC}") = "Courses.Core", "src\Courses.Core\Courses.Core.csproj", "{C3B48D05-D69A-4020-8CF7-27584880B5DD}"
EndProject
Project("{FAE04EC0-301F-11D3-BF4B-00C04F79EFBC}") = "Departments.Core", "src\Departments.Core\Departments.Core.csproj", "{3E2EEAE1-C768-419D-B237-CB063DEE9E99}"
EndProject
Project("{FAE04EC0-301F-11D3-BF4B-00C04F79EFBC}") = "Students.Core", "src\Students.Core\Students.Core.csproj", "{80119FCF-99CB-4295-83BB-D6C68BBE81BC}"
EndProject
Project("{FAE04EC0-301F-11D3-BF4B-00C04F79EFBC}") = "ContosoUniversity.Messaging.Contracts", "src\ContosoUniversity.Messaging.Contracts\ContosoUniversity.Messaging.Contracts.csproj", "{2D13F0C3-FB23-4664-8CF6-A5A1A7013FC2}"
EndProject
Project("{FAE04EC0-301F-11D3-BF4B-00C04F79EFBC}") = "Courses.Api", "src\Courses.Api\Courses.Api.csproj", "{3E983AEB-1E36-452F-9F7B-4AC47C117C89}"
EndProject
Project("{FAE04EC0-301F-11D3-BF4B-00C04F79EFBC}") = "ContosoUniversity.ApiClients", "src\ContosoUniversity.ApiClients\ContosoUniversity.ApiClients.csproj", "{784AE254-1FBC-4B46-84D8-E095ADEC9E50}"
EndProject
Project("{FAE04EC0-301F-11D3-BF4B-00C04F79EFBC}") = "Courses.Api.IntegrationTests", "test\integration\Courses.Api.IntegrationTests\Courses.Api.IntegrationTests.csproj", "{0ED51D4E-D6E0-48AA-8836-CABFADFDD54C}"
EndProject
Project("{FAE04EC0-301F-11D3-BF4B-00C04F79EFBC}") = "Departments.Api", "src\Departments.Api\Departments.Api.csproj", "{645AD4AE-71E6-4D54-979B-4EA764CA0893}"
EndProject
Project("{FAE04EC0-301F-11D3-BF4B-00C04F79EFBC}") = "Departments.Api.IntegrationTests", "test\integration\Departments.Api.IntegrationTests\Departments.Api.IntegrationTests.csproj", "{E8651996-3CCE-49D0-BA55-9C2B9776E798}"
EndProject
Project("{FAE04EC0-301F-11D3-BF4B-00C04F79EFBC}") = "Students.Api", "src\Students.Api\Students.Api.csproj", "{C4D978AA-6390-4719-9488-D49171AD5BF0}"
EndProject
Project("{FAE04EC0-301F-11D3-BF4B-00C04F79EFBC}") = "Students.Api.IntegrationTests", "test\integration\Students.Api.IntegrationTests\Students.Api.IntegrationTests.csproj", "{089EF37B-1C0B-4AB7-A46A-8602ECCE00FC}"
EndProject
Project("{FAE04EC0-301F-11D3-BF4B-00C04F79EFBC}") = "IntegrationTesting.SharedKernel", "test\integration\IntegrationTesting.SharedKernel\IntegrationTesting.SharedKernel.csproj", "{CACA60BC-F747-431F-893F-8CA78E00DF31}"
EndProject
Project("{FAE04EC0-301F-11D3-BF4B-00C04F79EFBC}") = "Departments.Worker", "src\Departments.Worker\Departments.Worker.csproj", "{2A8B63FD-456B-4B61-9EAB-D3CB29E86B72}"
EndProject
Project("{FAE04EC0-301F-11D3-BF4B-00C04F79EFBC}") = "Students.Worker", "src\Students.Worker\Students.Worker.csproj", "{6C413922-2192-4B89-BE80-843B21D26C37}"
EndProject
Global
	GlobalSection(SolutionConfigurationPlatforms) = preSolution
		Debug|Any CPU = Debug|Any CPU
		Release|Any CPU = Release|Any CPU
	EndGlobalSection
	GlobalSection(ProjectConfigurationPlatforms) = postSolution
		{13CC66B8-A2C5-4017-99BA-B0348552ED70}.Debug|Any CPU.ActiveCfg = Debug|Any CPU
		{13CC66B8-A2C5-4017-99BA-B0348552ED70}.Debug|Any CPU.Build.0 = Debug|Any CPU
		{13CC66B8-A2C5-4017-99BA-B0348552ED70}.Release|Any CPU.ActiveCfg = Release|Any CPU
		{13CC66B8-A2C5-4017-99BA-B0348552ED70}.Release|Any CPU.Build.0 = Release|Any CPU
		{D20B0BA9-54BB-4E3D-A580-447AF01BD1A2}.Debug|Any CPU.ActiveCfg = Debug|Any CPU
		{D20B0BA9-54BB-4E3D-A580-447AF01BD1A2}.Debug|Any CPU.Build.0 = Debug|Any CPU
		{D20B0BA9-54BB-4E3D-A580-447AF01BD1A2}.Release|Any CPU.ActiveCfg = Release|Any CPU
		{D20B0BA9-54BB-4E3D-A580-447AF01BD1A2}.Release|Any CPU.Build.0 = Release|Any CPU
		{155D0847-6358-456F-8D04-A957FEB23097}.Debug|Any CPU.ActiveCfg = Debug|Any CPU
		{155D0847-6358-456F-8D04-A957FEB23097}.Debug|Any CPU.Build.0 = Debug|Any CPU
		{155D0847-6358-456F-8D04-A957FEB23097}.Release|Any CPU.ActiveCfg = Release|Any CPU
		{155D0847-6358-456F-8D04-A957FEB23097}.Release|Any CPU.Build.0 = Release|Any CPU
		{693DFDA4-810C-4B6F-8387-A6B90C9F0917}.Debug|Any CPU.ActiveCfg = Debug|Any CPU
		{693DFDA4-810C-4B6F-8387-A6B90C9F0917}.Debug|Any CPU.Build.0 = Debug|Any CPU
		{693DFDA4-810C-4B6F-8387-A6B90C9F0917}.Release|Any CPU.ActiveCfg = Release|Any CPU
		{693DFDA4-810C-4B6F-8387-A6B90C9F0917}.Release|Any CPU.Build.0 = Release|Any CPU
		{21A5E4E2-AB88-425B-9D3A-55492176CA5B}.Debug|Any CPU.ActiveCfg = Debug|Any CPU
		{21A5E4E2-AB88-425B-9D3A-55492176CA5B}.Debug|Any CPU.Build.0 = Debug|Any CPU
		{21A5E4E2-AB88-425B-9D3A-55492176CA5B}.Release|Any CPU.ActiveCfg = Release|Any CPU
		{21A5E4E2-AB88-425B-9D3A-55492176CA5B}.Release|Any CPU.Build.0 = Release|Any CPU
		{076DC719-6775-4EB4-AF16-237B6969AB89}.Debug|Any CPU.ActiveCfg = Debug|Any CPU
		{076DC719-6775-4EB4-AF16-237B6969AB89}.Debug|Any CPU.Build.0 = Debug|Any CPU
		{076DC719-6775-4EB4-AF16-237B6969AB89}.Release|Any CPU.ActiveCfg = Release|Any CPU
		{076DC719-6775-4EB4-AF16-237B6969AB89}.Release|Any CPU.Build.0 = Release|Any CPU
		{9B39B759-6CBF-4E43-981E-AB20447355A3}.Debug|Any CPU.ActiveCfg = Debug|Any CPU
		{9B39B759-6CBF-4E43-981E-AB20447355A3}.Debug|Any CPU.Build.0 = Debug|Any CPU
		{9B39B759-6CBF-4E43-981E-AB20447355A3}.Release|Any CPU.ActiveCfg = Release|Any CPU
		{9B39B759-6CBF-4E43-981E-AB20447355A3}.Release|Any CPU.Build.0 = Release|Any CPU
		{DA9CEE9A-1102-4005-BF7D-D13C57530386}.Debug|Any CPU.ActiveCfg = Debug|Any CPU
		{DA9CEE9A-1102-4005-BF7D-D13C57530386}.Debug|Any CPU.Build.0 = Debug|Any CPU
		{DA9CEE9A-1102-4005-BF7D-D13C57530386}.Release|Any CPU.ActiveCfg = Release|Any CPU
		{DA9CEE9A-1102-4005-BF7D-D13C57530386}.Release|Any CPU.Build.0 = Release|Any CPU
		{CE31CFE3-08AE-4E3B-8CCC-291D4CD4B620}.Debug|Any CPU.ActiveCfg = Debug|Any CPU
		{CE31CFE3-08AE-4E3B-8CCC-291D4CD4B620}.Debug|Any CPU.Build.0 = Debug|Any CPU
		{CE31CFE3-08AE-4E3B-8CCC-291D4CD4B620}.Release|Any CPU.ActiveCfg = Release|Any CPU
		{CE31CFE3-08AE-4E3B-8CCC-291D4CD4B620}.Release|Any CPU.Build.0 = Release|Any CPU
		{5A765486-59ED-4F5B-9D18-9DB8C6B862EF}.Debug|Any CPU.ActiveCfg = Debug|Any CPU
		{5A765486-59ED-4F5B-9D18-9DB8C6B862EF}.Debug|Any CPU.Build.0 = Debug|Any CPU
		{5A765486-59ED-4F5B-9D18-9DB8C6B862EF}.Release|Any CPU.ActiveCfg = Release|Any CPU
		{5A765486-59ED-4F5B-9D18-9DB8C6B862EF}.Release|Any CPU.Build.0 = Release|Any CPU
		{0CEA6DD9-9CAA-41DB-B8C8-2E1123773CA9}.Debug|Any CPU.ActiveCfg = Debug|Any CPU
		{0CEA6DD9-9CAA-41DB-B8C8-2E1123773CA9}.Debug|Any CPU.Build.0 = Debug|Any CPU
		{0CEA6DD9-9CAA-41DB-B8C8-2E1123773CA9}.Release|Any CPU.ActiveCfg = Release|Any CPU
		{0CEA6DD9-9CAA-41DB-B8C8-2E1123773CA9}.Release|Any CPU.Build.0 = Release|Any CPU
		{528A7D8C-9F2B-454A-8E24-F40AA8D82F17}.Debug|Any CPU.ActiveCfg = Debug|Any CPU
		{528A7D8C-9F2B-454A-8E24-F40AA8D82F17}.Debug|Any CPU.Build.0 = Debug|Any CPU
		{528A7D8C-9F2B-454A-8E24-F40AA8D82F17}.Release|Any CPU.ActiveCfg = Release|Any CPU
		{528A7D8C-9F2B-454A-8E24-F40AA8D82F17}.Release|Any CPU.Build.0 = Release|Any CPU
		{AD8D36CB-F094-42C2-BC54-2E4636D277FD}.Debug|Any CPU.ActiveCfg = Debug|Any CPU
		{AD8D36CB-F094-42C2-BC54-2E4636D277FD}.Debug|Any CPU.Build.0 = Debug|Any CPU
		{AD8D36CB-F094-42C2-BC54-2E4636D277FD}.Release|Any CPU.ActiveCfg = Release|Any CPU
		{AD8D36CB-F094-42C2-BC54-2E4636D277FD}.Release|Any CPU.Build.0 = Release|Any CPU
		{59FB3EA5-AC41-401A-8E08-0529D36AC45C}.Debug|Any CPU.ActiveCfg = Debug|Any CPU
		{59FB3EA5-AC41-401A-8E08-0529D36AC45C}.Debug|Any CPU.Build.0 = Debug|Any CPU
		{59FB3EA5-AC41-401A-8E08-0529D36AC45C}.Release|Any CPU.ActiveCfg = Release|Any CPU
		{59FB3EA5-AC41-401A-8E08-0529D36AC45C}.Release|Any CPU.Build.0 = Release|Any CPU
		{C3B48D05-D69A-4020-8CF7-27584880B5DD}.Debug|Any CPU.ActiveCfg = Debug|Any CPU
		{C3B48D05-D69A-4020-8CF7-27584880B5DD}.Debug|Any CPU.Build.0 = Debug|Any CPU
		{C3B48D05-D69A-4020-8CF7-27584880B5DD}.Release|Any CPU.ActiveCfg = Release|Any CPU
		{C3B48D05-D69A-4020-8CF7-27584880B5DD}.Release|Any CPU.Build.0 = Release|Any CPU
		{3E2EEAE1-C768-419D-B237-CB063DEE9E99}.Debug|Any CPU.ActiveCfg = Debug|Any CPU
		{3E2EEAE1-C768-419D-B237-CB063DEE9E99}.Debug|Any CPU.Build.0 = Debug|Any CPU
		{3E2EEAE1-C768-419D-B237-CB063DEE9E99}.Release|Any CPU.ActiveCfg = Release|Any CPU
		{3E2EEAE1-C768-419D-B237-CB063DEE9E99}.Release|Any CPU.Build.0 = Release|Any CPU
		{80119FCF-99CB-4295-83BB-D6C68BBE81BC}.Debug|Any CPU.ActiveCfg = Debug|Any CPU
		{80119FCF-99CB-4295-83BB-D6C68BBE81BC}.Debug|Any CPU.Build.0 = Debug|Any CPU
		{80119FCF-99CB-4295-83BB-D6C68BBE81BC}.Release|Any CPU.ActiveCfg = Release|Any CPU
		{80119FCF-99CB-4295-83BB-D6C68BBE81BC}.Release|Any CPU.Build.0 = Release|Any CPU
		{2D13F0C3-FB23-4664-8CF6-A5A1A7013FC2}.Debug|Any CPU.ActiveCfg = Debug|Any CPU
		{2D13F0C3-FB23-4664-8CF6-A5A1A7013FC2}.Debug|Any CPU.Build.0 = Debug|Any CPU
		{2D13F0C3-FB23-4664-8CF6-A5A1A7013FC2}.Release|Any CPU.ActiveCfg = Release|Any CPU
		{2D13F0C3-FB23-4664-8CF6-A5A1A7013FC2}.Release|Any CPU.Build.0 = Release|Any CPU
		{3E983AEB-1E36-452F-9F7B-4AC47C117C89}.Debug|Any CPU.ActiveCfg = Debug|Any CPU
		{3E983AEB-1E36-452F-9F7B-4AC47C117C89}.Debug|Any CPU.Build.0 = Debug|Any CPU
		{3E983AEB-1E36-452F-9F7B-4AC47C117C89}.Release|Any CPU.ActiveCfg = Release|Any CPU
		{3E983AEB-1E36-452F-9F7B-4AC47C117C89}.Release|Any CPU.Build.0 = Release|Any CPU
		{784AE254-1FBC-4B46-84D8-E095ADEC9E50}.Debug|Any CPU.ActiveCfg = Debug|Any CPU
		{784AE254-1FBC-4B46-84D8-E095ADEC9E50}.Debug|Any CPU.Build.0 = Debug|Any CPU
		{784AE254-1FBC-4B46-84D8-E095ADEC9E50}.Release|Any CPU.ActiveCfg = Release|Any CPU
		{784AE254-1FBC-4B46-84D8-E095ADEC9E50}.Release|Any CPU.Build.0 = Release|Any CPU
		{0ED51D4E-D6E0-48AA-8836-CABFADFDD54C}.Debug|Any CPU.ActiveCfg = Debug|Any CPU
		{0ED51D4E-D6E0-48AA-8836-CABFADFDD54C}.Debug|Any CPU.Build.0 = Debug|Any CPU
		{0ED51D4E-D6E0-48AA-8836-CABFADFDD54C}.Release|Any CPU.ActiveCfg = Release|Any CPU
		{0ED51D4E-D6E0-48AA-8836-CABFADFDD54C}.Release|Any CPU.Build.0 = Release|Any CPU
		{645AD4AE-71E6-4D54-979B-4EA764CA0893}.Debug|Any CPU.ActiveCfg = Debug|Any CPU
		{645AD4AE-71E6-4D54-979B-4EA764CA0893}.Debug|Any CPU.Build.0 = Debug|Any CPU
		{645AD4AE-71E6-4D54-979B-4EA764CA0893}.Release|Any CPU.ActiveCfg = Release|Any CPU
		{645AD4AE-71E6-4D54-979B-4EA764CA0893}.Release|Any CPU.Build.0 = Release|Any CPU
		{E8651996-3CCE-49D0-BA55-9C2B9776E798}.Debug|Any CPU.ActiveCfg = Debug|Any CPU
		{E8651996-3CCE-49D0-BA55-9C2B9776E798}.Debug|Any CPU.Build.0 = Debug|Any CPU
		{E8651996-3CCE-49D0-BA55-9C2B9776E798}.Release|Any CPU.ActiveCfg = Release|Any CPU
		{E8651996-3CCE-49D0-BA55-9C2B9776E798}.Release|Any CPU.Build.0 = Release|Any CPU
		{C4D978AA-6390-4719-9488-D49171AD5BF0}.Debug|Any CPU.ActiveCfg = Debug|Any CPU
		{C4D978AA-6390-4719-9488-D49171AD5BF0}.Debug|Any CPU.Build.0 = Debug|Any CPU
		{C4D978AA-6390-4719-9488-D49171AD5BF0}.Release|Any CPU.ActiveCfg = Release|Any CPU
		{C4D978AA-6390-4719-9488-D49171AD5BF0}.Release|Any CPU.Build.0 = Release|Any CPU
		{089EF37B-1C0B-4AB7-A46A-8602ECCE00FC}.Debug|Any CPU.ActiveCfg = Debug|Any CPU
		{089EF37B-1C0B-4AB7-A46A-8602ECCE00FC}.Debug|Any CPU.Build.0 = Debug|Any CPU
		{089EF37B-1C0B-4AB7-A46A-8602ECCE00FC}.Release|Any CPU.ActiveCfg = Release|Any CPU
		{089EF37B-1C0B-4AB7-A46A-8602ECCE00FC}.Release|Any CPU.Build.0 = Release|Any CPU
		{CACA60BC-F747-431F-893F-8CA78E00DF31}.Debug|Any CPU.ActiveCfg = Debug|Any CPU
		{CACA60BC-F747-431F-893F-8CA78E00DF31}.Debug|Any CPU.Build.0 = Debug|Any CPU
		{CACA60BC-F747-431F-893F-8CA78E00DF31}.Release|Any CPU.ActiveCfg = Release|Any CPU
		{CACA60BC-F747-431F-893F-8CA78E00DF31}.Release|Any CPU.Build.0 = Release|Any CPU
		{2A8B63FD-456B-4B61-9EAB-D3CB29E86B72}.Debug|Any CPU.ActiveCfg = Debug|Any CPU
		{2A8B63FD-456B-4B61-9EAB-D3CB29E86B72}.Debug|Any CPU.Build.0 = Debug|Any CPU
		{2A8B63FD-456B-4B61-9EAB-D3CB29E86B72}.Release|Any CPU.ActiveCfg = Release|Any CPU
		{2A8B63FD-456B-4B61-9EAB-D3CB29E86B72}.Release|Any CPU.Build.0 = Release|Any CPU
		{6C413922-2192-4B89-BE80-843B21D26C37}.Debug|Any CPU.ActiveCfg = Debug|Any CPU
		{6C413922-2192-4B89-BE80-843B21D26C37}.Debug|Any CPU.Build.0 = Debug|Any CPU
		{6C413922-2192-4B89-BE80-843B21D26C37}.Release|Any CPU.ActiveCfg = Release|Any CPU
		{6C413922-2192-4B89-BE80-843B21D26C37}.Release|Any CPU.Build.0 = Release|Any CPU
	EndGlobalSection
	GlobalSection(SolutionProperties) = preSolution
		HideSolutionNode = FALSE
	EndGlobalSection
	GlobalSection(ExtensibilityGlobals) = postSolution
		SolutionGuid = {25EE7684-1816-4E36-8E1A-77AD612F86F8}
	EndGlobalSection
	GlobalSection(NestedProjects) = preSolution
		{13CC66B8-A2C5-4017-99BA-B0348552ED70} = {E4EA226A-2BCD-4BEE-844C-0429AC749000}
		{D20B0BA9-54BB-4E3D-A580-447AF01BD1A2} = {E4EA226A-2BCD-4BEE-844C-0429AC749000}
		{CE31CFE3-08AE-4E3B-8CCC-291D4CD4B620} = {E4EA226A-2BCD-4BEE-844C-0429AC749000}
		{5A765486-59ED-4F5B-9D18-9DB8C6B862EF} = {E4EA226A-2BCD-4BEE-844C-0429AC749000}
		{42293EC1-EA5A-4BDF-A35F-3F74D78940A5} = {EC6B66B1-FF12-4934-992F-7E578831904D}
		{4CF332CE-8472-45C6-8D43-76A6ABDB8485} = {EC6B66B1-FF12-4934-992F-7E578831904D}
		{0CEA6DD9-9CAA-41DB-B8C8-2E1123773CA9} = {42293EC1-EA5A-4BDF-A35F-3F74D78940A5}
		{528A7D8C-9F2B-454A-8E24-F40AA8D82F17} = {4CF332CE-8472-45C6-8D43-76A6ABDB8485}
		{9A8A315F-D321-4729-B8E9-08283046CF98} = {EC6B66B1-FF12-4934-992F-7E578831904D}
		{AD8D36CB-F094-42C2-BC54-2E4636D277FD} = {9A8A315F-D321-4729-B8E9-08283046CF98}
		{183841BB-8179-48AA-B3C1-F362C883FA36} = {EC6B66B1-FF12-4934-992F-7E578831904D}
		{59FB3EA5-AC41-401A-8E08-0529D36AC45C} = {183841BB-8179-48AA-B3C1-F362C883FA36}
		{52E76B79-FD2B-4DED-9F3D-3E2410AB4163} = {E4EA226A-2BCD-4BEE-844C-0429AC749000}
		{155D0847-6358-456F-8D04-A957FEB23097} = {52E76B79-FD2B-4DED-9F3D-3E2410AB4163}
		{693DFDA4-810C-4B6F-8387-A6B90C9F0917} = {52E76B79-FD2B-4DED-9F3D-3E2410AB4163}
		{1C3E4CC6-23F1-4652-BF0C-14A4D84D6F22} = {E4EA226A-2BCD-4BEE-844C-0429AC749000}
		{21A5E4E2-AB88-425B-9D3A-55492176CA5B} = {1C3E4CC6-23F1-4652-BF0C-14A4D84D6F22}
		{076DC719-6775-4EB4-AF16-237B6969AB89} = {1C3E4CC6-23F1-4652-BF0C-14A4D84D6F22}
		{6B89851E-4652-42E9-8B59-D6FA3583F6DF} = {E4EA226A-2BCD-4BEE-844C-0429AC749000}
		{9B39B759-6CBF-4E43-981E-AB20447355A3} = {6B89851E-4652-42E9-8B59-D6FA3583F6DF}
		{DA9CEE9A-1102-4005-BF7D-D13C57530386} = {6B89851E-4652-42E9-8B59-D6FA3583F6DF}
		{C3B48D05-D69A-4020-8CF7-27584880B5DD} = {52E76B79-FD2B-4DED-9F3D-3E2410AB4163}
		{3E2EEAE1-C768-419D-B237-CB063DEE9E99} = {1C3E4CC6-23F1-4652-BF0C-14A4D84D6F22}
		{80119FCF-99CB-4295-83BB-D6C68BBE81BC} = {6B89851E-4652-42E9-8B59-D6FA3583F6DF}
		{2D13F0C3-FB23-4664-8CF6-A5A1A7013FC2} = {E4EA226A-2BCD-4BEE-844C-0429AC749000}
		{3E983AEB-1E36-452F-9F7B-4AC47C117C89} = {52E76B79-FD2B-4DED-9F3D-3E2410AB4163}
		{784AE254-1FBC-4B46-84D8-E095ADEC9E50} = {E4EA226A-2BCD-4BEE-844C-0429AC749000}
		{0ED51D4E-D6E0-48AA-8836-CABFADFDD54C} = {42293EC1-EA5A-4BDF-A35F-3F74D78940A5}
		{645AD4AE-71E6-4D54-979B-4EA764CA0893} = {1C3E4CC6-23F1-4652-BF0C-14A4D84D6F22}
		{E8651996-3CCE-49D0-BA55-9C2B9776E798} = {42293EC1-EA5A-4BDF-A35F-3F74D78940A5}
		{C4D978AA-6390-4719-9488-D49171AD5BF0} = {6B89851E-4652-42E9-8B59-D6FA3583F6DF}
		{089EF37B-1C0B-4AB7-A46A-8602ECCE00FC} = {42293EC1-EA5A-4BDF-A35F-3F74D78940A5}
		{CACA60BC-F747-431F-893F-8CA78E00DF31} = {42293EC1-EA5A-4BDF-A35F-3F74D78940A5}
		{2A8B63FD-456B-4B61-9EAB-D3CB29E86B72} = {1C3E4CC6-23F1-4652-BF0C-14A4D84D6F22}
		{6C413922-2192-4B89-BE80-843B21D26C37} = {6B89851E-4652-42E9-8B59-D6FA3583F6DF}
	EndGlobalSection
EndGlobal
