<Solution>
  <Folder Name="/src/">
    <Project Path="src/ContosoUniversity.Application/ContosoUniversity.Application.csproj" />
    <Project Path="src/ContosoUniversity.Data.Courses.Reads/ContosoUniversity.Data.Courses.Reads.csproj" />
    <Project Path="src/ContosoUniversity.Data.Courses.Writes/ContosoUniversity.Data.Courses.Writes.csproj" />
    <Project Path="src/ContosoUniversity.Data.Departments.Reads/ContosoUniversity.Data.Departments.Reads.csproj" />
    <Project Path="src/ContosoUniversity.Data.Departments.Writes/ContosoUniversity.Data.Departments.Writes.csproj" />
    <Project Path="src/ContosoUniversity.Data.Students.Reads/ContosoUniversity.Data.Students.Reads.csproj" />
    <Project Path="src/ContosoUniversity.Data.Students.Writes/ContosoUniversity.Data.Students.Writes.csproj" />
    <Project Path="src/ContosoUniversity.Data/ContosoUniversity.Data.csproj" />
    <Project Path="src/ContosoUniversity.Domain/ContosoUniversity.Domain.csproj" />
    <Project Path="src/ContosoUniversity.Mvc/ContosoUniversity.Mvc.csproj" />
    <Project Path="src/ContosoUniversity.SharedKernel/ContosoUniversity.SharedKernel.csproj" Id="150c48f6-0e04-4492-a305-1bacef848cbb" />
  </Folder>
  <Folder Name="/test/" />
  <Folder Name="/test/e2e/">
    <Project Path="test/e2e/ContosoUniversity.AcceptanceTests/ContosoUniversity.AcceptanceTests.csproj" />
  </Folder>
  <Folder Name="/test/integration/">
    <Project Path="test/integration/ContosoUniversity.Mvc.IntegrationTests/ContosoUniversity.Mvc.IntegrationTests.csproj" />
  </Folder>
  <Folder Name="/test/system/">
    <Project Path="test/system/ContosoUniversity.SystemTests/ContosoUniversity.SystemTests.csproj" />
  </Folder>
  <Folder Name="/test/unit/">
    <Project Path="test/unit/ContosoUniversity.Domain.Tests/ContosoUniversity.Domain.Tests.csproj" />
  </Folder>
</Solution>
